
Microsoft Visual Studio Solution File, Format Version 12.00
# Visual Studio Version 17
VisualStudioVersion = 17.2.32630.192
MinimumVisualStudioVersion = 10.0.40219.1
Project("{9A19103F-16F7-4668-BE54-9A1E7A4F7556}") = "R5T.Z0052", "R5T.Z0052\R5T.Z0052.csproj", "{EA707659-F80E-4801-B497-94E4E585630E}"
EndProject
Project("{2150E333-8FDC-42A3-9474-1A3956D46DE8}") = "_Dependencies", "_Dependencies", "{95D20C13-CF1C-4FB4-9838-44D35788EAA0}"
EndProject
Project("{9A19103F-16F7-4668-BE54-9A1E7A4F7556}") = "R5T.T0132", "..\..\R5T.T0132\source\R5T.T0132\R5T.T0132.csproj", "{1D477E94-AB92-476E-9E0D-D8D619CBCA4D}"
EndProject
Project("{9A19103F-16F7-4668-BE54-9A1E7A4F7556}") = "R5T.T0143", "..\..\R5T.T0143\source\R5T.T0143\R5T.T0143.csproj", "{15378214-5475-4A0D-ACEA-C585D67DB996}"
EndProject
Project("{9A19103F-16F7-4668-BE54-9A1E7A4F7556}") = "R5T.T0178", "..\..\R5T.T0178\source\R5T.T0178\R5T.T0178.csproj", "{6403749F-F746-419B-B232-64A1583E4E91}"
EndProject
Project("{9A19103F-16F7-4668-BE54-9A1E7A4F7556}") = "R5T.T0179", "..\..\R5T.T0179\source\R5T.T0179\R5T.T0179.csproj", "{39A28D5B-2E78-4A99-A56B-96A90E51AB60}"
EndProject
Project("{9A19103F-16F7-4668-BE54-9A1E7A4F7556}") = "R5T.T0185", "..\..\R5T.T0185\source\R5T.T0185\R5T.T0185.csproj", "{BF7C1C5F-54BC-4530-A86B-61516C5CD1C0}"
EndProject
Project("{9A19103F-16F7-4668-BE54-9A1E7A4F7556}") = "R5T.T0203", "..\..\R5T.T0203\source\R5T.T0203\R5T.T0203.csproj", "{56CE965E-05D4-4B13-9DDE-A84B5288FAAF}"
EndProject
Project("{9A19103F-16F7-4668-BE54-9A1E7A4F7556}") = "R5T.T0210", "..\..\R5T.T0210\source\R5T.T0210\R5T.T0210.csproj", "{2A2D73F6-8C58-49F3-A2C0-A1703C0296A8}"
EndProject
Project("{9A19103F-16F7-4668-BE54-9A1E7A4F7556}") = "R5T.T0131", "..\..\R5T.T0131\source\R5T.T0131\R5T.T0131.csproj", "{9207903A-32CC-4198-8C9E-CDCCFA04838F}"
EndProject
Project("{9A19103F-16F7-4668-BE54-9A1E7A4F7556}") = "R5T.Z0052.Z000", "R5T.Z0052.Z000\R5T.Z0052.Z000.csproj", "{AB8B6B66-38B5-4044-8E29-3960F56B3F7D}"
EndProject
Project("{9A19103F-16F7-4668-BE54-9A1E7A4F7556}") = "R5T.F0000", "..\..\R5T.F0000\source\R5T.F0000\R5T.F0000.csproj", "{2FF9ECB2-C44E-4794-A43A-7762D07A2A34}"
EndProject
Project("{9A19103F-16F7-4668-BE54-9A1E7A4F7556}") = "R5T.F0002", "..\..\R5T.F0002\source\R5T.F0002\R5T.F0002.csproj", "{B1FC6932-200C-4D27-A539-EDBEA21300AB}"
EndProject
Project("{9A19103F-16F7-4668-BE54-9A1E7A4F7556}") = "R5T.T0142", "..\..\R5T.T0142\source\R5T.T0142\R5T.T0142.csproj", "{B30D904A-113D-42EF-AD92-00C3D3E33C3C}"
EndProject
Project("{9A19103F-16F7-4668-BE54-9A1E7A4F7556}") = "R5T.T0156", "..\..\R5T.T0156\source\R5T.T0156\R5T.T0156.csproj", "{C3D80ED4-ED30-431F-ADA4-4E611E960BE5}"
EndProject
Project("{9A19103F-16F7-4668-BE54-9A1E7A4F7556}") = "R5T.T0180", "..\..\R5T.T0180\source\R5T.T0180\R5T.T0180.csproj", "{AFAAA393-83CF-40D2-8BF0-4854EACD2CBE}"
EndProject
Project("{9A19103F-16F7-4668-BE54-9A1E7A4F7556}") = "R5T.Y0000", "..\..\R5T.Y0000\source\R5T.Y0000\R5T.Y0000.csproj", "{20A8F584-750D-4ADC-A14E-A40EE630CAE1}"
EndProject
Project("{9A19103F-16F7-4668-BE54-9A1E7A4F7556}") = "R5T.Z0000", "..\..\R5T.Z0000\source\R5T.Z0000\R5T.Z0000.csproj", "{A56E6607-AE89-465B-A450-68770556619C}"
EndProject
Project("{9A19103F-16F7-4668-BE54-9A1E7A4F7556}") = "R5T.Z0052.Z001", "R5T.Z0052.Z001\R5T.Z0052.Z001.csproj", "{66C38B39-972C-41C4-AF13-0A877A6F165F}"
EndProject
Project("{9A19103F-16F7-4668-BE54-9A1E7A4F7556}") = "R5T.F0091", "..\..\R5T.F0091\source\R5T.F0091\R5T.F0091.csproj", "{DE6E43C0-56D0-4CA7-91F5-1B7C4188F9D6}"
EndProject
Global
	GlobalSection(NestedProjects) = preSolution
		{1D477E94-AB92-476E-9E0D-D8D619CBCA4D} = {95D20C13-CF1C-4FB4-9838-44D35788EAA0}
		{15378214-5475-4A0D-ACEA-C585D67DB996} = {95D20C13-CF1C-4FB4-9838-44D35788EAA0}
		{6403749F-F746-419B-B232-64A1583E4E91} = {95D20C13-CF1C-4FB4-9838-44D35788EAA0}
		{39A28D5B-2E78-4A99-A56B-96A90E51AB60} = {95D20C13-CF1C-4FB4-9838-44D35788EAA0}
		{BF7C1C5F-54BC-4530-A86B-61516C5CD1C0} = {95D20C13-CF1C-4FB4-9838-44D35788EAA0}
		{56CE965E-05D4-4B13-9DDE-A84B5288FAAF} = {95D20C13-CF1C-4FB4-9838-44D35788EAA0}
		{2A2D73F6-8C58-49F3-A2C0-A1703C0296A8} = {95D20C13-CF1C-4FB4-9838-44D35788EAA0}
		{9207903A-32CC-4198-8C9E-CDCCFA04838F} = {95D20C13-CF1C-4FB4-9838-44D35788EAA0}
		{2FF9ECB2-C44E-4794-A43A-7762D07A2A34} = {95D20C13-CF1C-4FB4-9838-44D35788EAA0}
		{B1FC6932-200C-4D27-A539-EDBEA21300AB} = {95D20C13-CF1C-4FB4-9838-44D35788EAA0}
		{B30D904A-113D-42EF-AD92-00C3D3E33C3C} = {95D20C13-CF1C-4FB4-9838-44D35788EAA0}
		{C3D80ED4-ED30-431F-ADA4-4E611E960BE5} = {95D20C13-CF1C-4FB4-9838-44D35788EAA0}
		{AFAAA393-83CF-40D2-8BF0-4854EACD2CBE} = {95D20C13-CF1C-4FB4-9838-44D35788EAA0}
		{20A8F584-750D-4ADC-A14E-A40EE630CAE1} = {95D20C13-CF1C-4FB4-9838-44D35788EAA0}
		{A56E6607-AE89-465B-A450-68770556619C} = {95D20C13-CF1C-4FB4-9838-44D35788EAA0}
		{DE6E43C0-56D0-4CA7-91F5-1B7C4188F9D6} = {95D20C13-CF1C-4FB4-9838-44D35788EAA0}
	EndGlobalSection
	GlobalSection(SolutionConfigurationPlatforms) = preSolution
		Debug|Any CPU = Debug|Any CPU
		Release|Any CPU = Release|Any CPU
	EndGlobalSection
	GlobalSection(ProjectConfigurationPlatforms) = postSolution
		{EA707659-F80E-4801-B497-94E4E585630E}.Debug|Any CPU.ActiveCfg = Debug|Any CPU
		{EA707659-F80E-4801-B497-94E4E585630E}.Debug|Any CPU.Build.0 = Debug|Any CPU
		{EA707659-F80E-4801-B497-94E4E585630E}.Release|Any CPU.ActiveCfg = Release|Any CPU
		{EA707659-F80E-4801-B497-94E4E585630E}.Release|Any CPU.Build.0 = Release|Any CPU
		{1D477E94-AB92-476E-9E0D-D8D619CBCA4D}.Debug|Any CPU.ActiveCfg = Debug|Any CPU
		{1D477E94-AB92-476E-9E0D-D8D619CBCA4D}.Debug|Any CPU.Build.0 = Debug|Any CPU
		{1D477E94-AB92-476E-9E0D-D8D619CBCA4D}.Release|Any CPU.ActiveCfg = Release|Any CPU
		{1D477E94-AB92-476E-9E0D-D8D619CBCA4D}.Release|Any CPU.Build.0 = Release|Any CPU
		{15378214-5475-4A0D-ACEA-C585D67DB996}.Debug|Any CPU.ActiveCfg = Debug|Any CPU
		{15378214-5475-4A0D-ACEA-C585D67DB996}.Debug|Any CPU.Build.0 = Debug|Any CPU
		{15378214-5475-4A0D-ACEA-C585D67DB996}.Release|Any CPU.ActiveCfg = Release|Any CPU
		{15378214-5475-4A0D-ACEA-C585D67DB996}.Release|Any CPU.Build.0 = Release|Any CPU
		{6403749F-F746-419B-B232-64A1583E4E91}.Debug|Any CPU.ActiveCfg = Debug|Any CPU
		{6403749F-F746-419B-B232-64A1583E4E91}.Debug|Any CPU.Build.0 = Debug|Any CPU
		{6403749F-F746-419B-B232-64A1583E4E91}.Release|Any CPU.ActiveCfg = Release|Any CPU
		{6403749F-F746-419B-B232-64A1583E4E91}.Release|Any CPU.Build.0 = Release|Any CPU
		{39A28D5B-2E78-4A99-A56B-96A90E51AB60}.Debug|Any CPU.ActiveCfg = Debug|Any CPU
		{39A28D5B-2E78-4A99-A56B-96A90E51AB60}.Debug|Any CPU.Build.0 = Debug|Any CPU
		{39A28D5B-2E78-4A99-A56B-96A90E51AB60}.Release|Any CPU.ActiveCfg = Release|Any CPU
		{39A28D5B-2E78-4A99-A56B-96A90E51AB60}.Release|Any CPU.Build.0 = Release|Any CPU
		{BF7C1C5F-54BC-4530-A86B-61516C5CD1C0}.Debug|Any CPU.ActiveCfg = Debug|Any CPU
		{BF7C1C5F-54BC-4530-A86B-61516C5CD1C0}.Debug|Any CPU.Build.0 = Debug|Any CPU
		{BF7C1C5F-54BC-4530-A86B-61516C5CD1C0}.Release|Any CPU.ActiveCfg = Release|Any CPU
		{BF7C1C5F-54BC-4530-A86B-61516C5CD1C0}.Release|Any CPU.Build.0 = Release|Any CPU
		{56CE965E-05D4-4B13-9DDE-A84B5288FAAF}.Debug|Any CPU.ActiveCfg = Debug|Any CPU
		{56CE965E-05D4-4B13-9DDE-A84B5288FAAF}.Debug|Any CPU.Build.0 = Debug|Any CPU
		{56CE965E-05D4-4B13-9DDE-A84B5288FAAF}.Release|Any CPU.ActiveCfg = Release|Any CPU
		{56CE965E-05D4-4B13-9DDE-A84B5288FAAF}.Release|Any CPU.Build.0 = Release|Any CPU
		{2A2D73F6-8C58-49F3-A2C0-A1703C0296A8}.Debug|Any CPU.ActiveCfg = Debug|Any CPU
		{2A2D73F6-8C58-49F3-A2C0-A1703C0296A8}.Debug|Any CPU.Build.0 = Debug|Any CPU
		{2A2D73F6-8C58-49F3-A2C0-A1703C0296A8}.Release|Any CPU.ActiveCfg = Release|Any CPU
		{2A2D73F6-8C58-49F3-A2C0-A1703C0296A8}.Release|Any CPU.Build.0 = Release|Any CPU
		{9207903A-32CC-4198-8C9E-CDCCFA04838F}.Debug|Any CPU.ActiveCfg = Debug|Any CPU
		{9207903A-32CC-4198-8C9E-CDCCFA04838F}.Debug|Any CPU.Build.0 = Debug|Any CPU
		{9207903A-32CC-4198-8C9E-CDCCFA04838F}.Release|Any CPU.ActiveCfg = Release|Any CPU
		{9207903A-32CC-4198-8C9E-CDCCFA04838F}.Release|Any CPU.Build.0 = Release|Any CPU
		{AB8B6B66-38B5-4044-8E29-3960F56B3F7D}.Debug|Any CPU.ActiveCfg = Debug|Any CPU
		{AB8B6B66-38B5-4044-8E29-3960F56B3F7D}.Debug|Any CPU.Build.0 = Debug|Any CPU
		{AB8B6B66-38B5-4044-8E29-3960F56B3F7D}.Release|Any CPU.ActiveCfg = Release|Any CPU
		{AB8B6B66-38B5-4044-8E29-3960F56B3F7D}.Release|Any CPU.Build.0 = Release|Any CPU
		{2FF9ECB2-C44E-4794-A43A-7762D07A2A34}.Debug|Any CPU.ActiveCfg = Debug|Any CPU
		{2FF9ECB2-C44E-4794-A43A-7762D07A2A34}.Debug|Any CPU.Build.0 = Debug|Any CPU
		{2FF9ECB2-C44E-4794-A43A-7762D07A2A34}.Release|Any CPU.ActiveCfg = Release|Any CPU
		{2FF9ECB2-C44E-4794-A43A-7762D07A2A34}.Release|Any CPU.Build.0 = Release|Any CPU
		{B1FC6932-200C-4D27-A539-EDBEA21300AB}.Debug|Any CPU.ActiveCfg = Debug|Any CPU
		{B1FC6932-200C-4D27-A539-EDBEA21300AB}.Debug|Any CPU.Build.0 = Debug|Any CPU
		{B1FC6932-200C-4D27-A539-EDBEA21300AB}.Release|Any CPU.ActiveCfg = Release|Any CPU
		{B1FC6932-200C-4D27-A539-EDBEA21300AB}.Release|Any CPU.Build.0 = Release|Any CPU
		{B30D904A-113D-42EF-AD92-00C3D3E33C3C}.Debug|Any CPU.ActiveCfg = Debug|Any CPU
		{B30D904A-113D-42EF-AD92-00C3D3E33C3C}.Debug|Any CPU.Build.0 = Debug|Any CPU
		{B30D904A-113D-42EF-AD92-00C3D3E33C3C}.Release|Any CPU.ActiveCfg = Release|Any CPU
		{B30D904A-113D-42EF-AD92-00C3D3E33C3C}.Release|Any CPU.Build.0 = Release|Any CPU
		{C3D80ED4-ED30-431F-ADA4-4E611E960BE5}.Debug|Any CPU.ActiveCfg = Debug|Any CPU
		{C3D80ED4-ED30-431F-ADA4-4E611E960BE5}.Debug|Any CPU.Build.0 = Debug|Any CPU
		{C3D80ED4-ED30-431F-ADA4-4E611E960BE5}.Release|Any CPU.ActiveCfg = Release|Any CPU
		{C3D80ED4-ED30-431F-ADA4-4E611E960BE5}.Release|Any CPU.Build.0 = Release|Any CPU
		{AFAAA393-83CF-40D2-8BF0-4854EACD2CBE}.Debug|Any CPU.ActiveCfg = Debug|Any CPU
		{AFAAA393-83CF-40D2-8BF0-4854EACD2CBE}.Debug|Any CPU.Build.0 = Debug|Any CPU
		{AFAAA393-83CF-40D2-8BF0-4854EACD2CBE}.Release|Any CPU.ActiveCfg = Release|Any CPU
		{AFAAA393-83CF-40D2-8BF0-4854EACD2CBE}.Release|Any CPU.Build.0 = Release|Any CPU
		{20A8F584-750D-4ADC-A14E-A40EE630CAE1}.Debug|Any CPU.ActiveCfg = Debug|Any CPU
		{20A8F584-750D-4ADC-A14E-A40EE630CAE1}.Debug|Any CPU.Build.0 = Debug|Any CPU
		{20A8F584-750D-4ADC-A14E-A40EE630CAE1}.Release|Any CPU.ActiveCfg = Release|Any CPU
		{20A8F584-750D-4ADC-A14E-A40EE630CAE1}.Release|Any CPU.Build.0 = Release|Any CPU
		{A56E6607-AE89-465B-A450-68770556619C}.Debug|Any CPU.ActiveCfg = Debug|Any CPU
		{A56E6607-AE89-465B-A450-68770556619C}.Debug|Any CPU.Build.0 = Debug|Any CPU
		{A56E6607-AE89-465B-A450-68770556619C}.Release|Any CPU.ActiveCfg = Release|Any CPU
		{A56E6607-AE89-465B-A450-68770556619C}.Release|Any CPU.Build.0 = Release|Any CPU
		{66C38B39-972C-41C4-AF13-0A877A6F165F}.Debug|Any CPU.ActiveCfg = Debug|Any CPU
		{66C38B39-972C-41C4-AF13-0A877A6F165F}.Debug|Any CPU.Build.0 = Debug|Any CPU
		{66C38B39-972C-41C4-AF13-0A877A6F165F}.Release|Any CPU.ActiveCfg = Release|Any CPU
		{66C38B39-972C-41C4-AF13-0A877A6F165F}.Release|Any CPU.Build.0 = Release|Any CPU
		{DE6E43C0-56D0-4CA7-91F5-1B7C4188F9D6}.Debug|Any CPU.ActiveCfg = Debug|Any CPU
		{DE6E43C0-56D0-4CA7-91F5-1B7C4188F9D6}.Debug|Any CPU.Build.0 = Debug|Any CPU
		{DE6E43C0-56D0-4CA7-91F5-1B7C4188F9D6}.Release|Any CPU.ActiveCfg = Release|Any CPU
		{DE6E43C0-56D0-4CA7-91F5-1B7C4188F9D6}.Release|Any CPU.Build.0 = Release|Any CPU
	EndGlobalSection
	GlobalSection(SolutionProperties) = preSolution
		HideSolutionNode = FALSE
	EndGlobalSection
	GlobalSection(ExtensibilityGlobals) = postSolution
		SolutionGuid = {2BACF784-2386-4C4A-9D4F-E44EB3B80B9F}
	EndGlobalSection
EndGlobal
