
Microsoft Visual Studio Solution File, Format Version 12.00
# Visual Studio Version 17
VisualStudioVersion = 17.2.32630.192
MinimumVisualStudioVersion = 10.0.40219.1
Project("{9A19103F-16F7-4668-BE54-9A1E7A4F7556}") = "R5T.Z0052.Construction", "R5T.Z0052.Construction\R5T.Z0052.Construction.csproj", "{4D5D3D11-7AA2-4EEA-AB87-D26DA28052BC}"
EndProject
Project("{9A19103F-16F7-4668-BE54-9A1E7A4F7556}") = "R5T.Z0052", "R5T.Z0052\R5T.Z0052.csproj", "{BD702297-DEC8-4CAC-8DE3-B89A300542FD}"
EndProject
Project("{2150E333-8FDC-42A3-9474-1A3956D46DE8}") = "_Dependencies", "_Dependencies", "{AB006AAE-D5A0-4C22-A5D7-F62D58035416}"
EndProject
Project("{9A19103F-16F7-4668-BE54-9A1E7A4F7556}") = "R5T.T0132", "..\..\R5T.T0132\source\R5T.T0132\R5T.T0132.csproj", "{E595AFF1-EA54-4169-8058-F7E1BECFFAC5}"
EndProject
Project("{9A19103F-16F7-4668-BE54-9A1E7A4F7556}") = "R5T.T0143", "..\..\R5T.T0143\source\R5T.T0143\R5T.T0143.csproj", "{A6F1B3C3-C16D-4859-AC52-889B220148CD}"
EndProject
Project("{9A19103F-16F7-4668-BE54-9A1E7A4F7556}") = "R5T.T0178", "..\..\R5T.T0178\source\R5T.T0178\R5T.T0178.csproj", "{937B40A5-86B2-40AA-BE87-54EDEABF2C58}"
EndProject
Project("{9A19103F-16F7-4668-BE54-9A1E7A4F7556}") = "R5T.T0179", "..\..\R5T.T0179\source\R5T.T0179\R5T.T0179.csproj", "{2EBEDBD3-6608-413D-B91E-F2C910E2FDAC}"
EndProject
Project("{9A19103F-16F7-4668-BE54-9A1E7A4F7556}") = "R5T.T0185", "..\..\R5T.T0185\source\R5T.T0185\R5T.T0185.csproj", "{FDB4681D-D26A-478C-8456-96F56D919FDA}"
EndProject
Project("{9A19103F-16F7-4668-BE54-9A1E7A4F7556}") = "R5T.T0203", "..\..\R5T.T0203\source\R5T.T0203\R5T.T0203.csproj", "{DC790B7B-A638-4B6A-9AD7-1714D56F101E}"
EndProject
Project("{9A19103F-16F7-4668-BE54-9A1E7A4F7556}") = "R5T.T0210", "..\..\R5T.T0210\source\R5T.T0210\R5T.T0210.csproj", "{4D99A196-BC34-4F4F-9FAE-C240F475F912}"
EndProject
Project("{9A19103F-16F7-4668-BE54-9A1E7A4F7556}") = "R5T.T0131", "..\..\R5T.T0131\source\R5T.T0131\R5T.T0131.csproj", "{00925A8E-7F94-4684-8442-38D7E3F8BAE4}"
EndProject
Project("{9A19103F-16F7-4668-BE54-9A1E7A4F7556}") = "F10Y.L0000", "..\..\..\Functionairy\F10Y.L0000\source\F10Y.L0000\F10Y.L0000.csproj", "{BE0BD80A-A595-4589-8A57-4BE62076A980}"
EndProject
Project("{9A19103F-16F7-4668-BE54-9A1E7A4F7556}") = "F10Y.L0001.L001", "..\..\..\Functionairy\F10Y.L0001\source\F10Y.L0001.L001\F10Y.L0001.L001.csproj", "{EECBF009-B6E9-4FE9-9324-DDC6099614F7}"
EndProject
Project("{9A19103F-16F7-4668-BE54-9A1E7A4F7556}") = "F10Y.L0001.L002", "..\..\..\Functionairy\F10Y.L0001\source\F10Y.L0001.L002\F10Y.L0001.L002.csproj", "{15830702-F555-4F36-B74E-A24472DF1320}"
EndProject
Project("{9A19103F-16F7-4668-BE54-9A1E7A4F7556}") = "F10Y.L0001.T000", "..\..\..\Functionairy\F10Y.L0001\source\F10Y.L0001.T000\F10Y.L0001.T000.csproj", "{040BB534-E1AB-4C60-A014-49A11DE91339}"
EndProject
Project("{9A19103F-16F7-4668-BE54-9A1E7A4F7556}") = "F10Y.L0001.Z000", "..\..\..\Functionairy\F10Y.L0001\source\F10Y.L0001.Z000\F10Y.L0001.Z000.csproj", "{939706A3-FA2E-48FF-B51A-DFAD52E86B20}"
EndProject
Project("{9A19103F-16F7-4668-BE54-9A1E7A4F7556}") = "F10Y.L0001", "..\..\..\Functionairy\F10Y.L0001\source\F10Y.L0001\F10Y.L0001.csproj", "{E06153E9-AC5D-4C2F-80D6-2D67F354B4D3}"
EndProject
Project("{9A19103F-16F7-4668-BE54-9A1E7A4F7556}") = "F10Y.L0005.T001", "..\..\..\Functionairy\F10Y.L0005\source\F10Y.L0005.T001\F10Y.L0005.T001.csproj", "{800E47E9-A4B9-44B1-A69C-30A56655F55C}"
EndProject
Project("{9A19103F-16F7-4668-BE54-9A1E7A4F7556}") = "F10Y.L0005", "..\..\..\Functionairy\F10Y.L0005\source\F10Y.L0005\F10Y.L0005.csproj", "{FDCE57E3-0E48-43D5-B429-9005A1FEB3A0}"
EndProject
Project("{9A19103F-16F7-4668-BE54-9A1E7A4F7556}") = "F10Y.T0000", "..\..\..\Functionairy\F10Y.T0000\source\F10Y.T0000\F10Y.T0000.csproj", "{ED216908-ECC3-4279-87B2-B03ED0E16519}"
EndProject
Project("{9A19103F-16F7-4668-BE54-9A1E7A4F7556}") = "F10Y.T0001", "..\..\..\Functionairy\F10Y.T0001\source\F10Y.T0001\F10Y.T0001.csproj", "{31E12BE1-2C52-46A8-9368-D36735F89298}"
EndProject
Project("{9A19103F-16F7-4668-BE54-9A1E7A4F7556}") = "F10Y.T0002", "..\..\..\Functionairy\F10Y.T0002\source\F10Y.T0002\F10Y.T0002.csproj", "{AD4B5BD8-4748-4037-9487-C686F93106E6}"
EndProject
Project("{9A19103F-16F7-4668-BE54-9A1E7A4F7556}") = "F10Y.T0003", "..\..\..\Functionairy\F10Y.T0003\source\F10Y.T0003\F10Y.T0003.csproj", "{51094204-3F73-40DE-A6D2-9E2E2426743E}"
EndProject
Project("{9A19103F-16F7-4668-BE54-9A1E7A4F7556}") = "F10Y.T0004", "..\..\..\Functionairy\F10Y.T0004\source\F10Y.T0004\F10Y.T0004.csproj", "{7DA0A0E8-0136-43A2-8933-030DF162F450}"
EndProject
Project("{9A19103F-16F7-4668-BE54-9A1E7A4F7556}") = "F10Y.T0009", "..\..\..\Functionairy\F10Y.T0009\source\F10Y.T0009\F10Y.T0009.csproj", "{D9FC1E66-5EFD-4E6F-8665-82F40EA0826F}"
EndProject
Project("{9A19103F-16F7-4668-BE54-9A1E7A4F7556}") = "F10Y.T0011", "..\..\..\Functionairy\F10Y.T0011\source\F10Y.T0011\F10Y.T0011.csproj", "{61D858DF-9C09-4FE5-B68F-6986D1C5DBBE}"
EndProject
Project("{9A19103F-16F7-4668-BE54-9A1E7A4F7556}") = "F10Y.Y0000", "..\..\..\Functionairy\F10Y.Y0000\source\F10Y.Y0000\F10Y.Y0000.csproj", "{B7444F15-4E1C-4606-8F4C-F01705ADC5E3}"
EndProject
Project("{9A19103F-16F7-4668-BE54-9A1E7A4F7556}") = "R5T.F0000", "..\..\R5T.F0000\source\R5T.F0000\R5T.F0000.csproj", "{A3F509D3-7A3D-4FEF-AE7E-C8D3A99D07DC}"
EndProject
Project("{9A19103F-16F7-4668-BE54-9A1E7A4F7556}") = "R5T.F0002", "..\..\R5T.F0002\source\R5T.F0002\R5T.F0002.csproj", "{219034D5-C9EB-476B-B235-D9FDF2A0C01D}"
EndProject
Project("{9A19103F-16F7-4668-BE54-9A1E7A4F7556}") = "R5T.F0091", "..\..\R5T.F0091\source\R5T.F0091\R5T.F0091.csproj", "{41FD273A-C1DE-4C4B-BEAB-5E1B1BB38359}"
EndProject
Project("{9A19103F-16F7-4668-BE54-9A1E7A4F7556}") = "R5T.L0053", "..\..\R5T.L0053\source\R5T.L0053\R5T.L0053.csproj", "{93CCFD65-34E7-439B-A34E-2114DA5E917E}"
EndProject
Project("{9A19103F-16F7-4668-BE54-9A1E7A4F7556}") = "R5T.L0066", "..\..\R5T.L0066\source\R5T.L0066\R5T.L0066.csproj", "{21892347-E739-4B13-81B2-A3D7DE86E8CD}"
EndProject
Project("{9A19103F-16F7-4668-BE54-9A1E7A4F7556}") = "R5T.L0071", "..\..\R5T.L0071\source\R5T.L0071\R5T.L0071.csproj", "{0AE8D587-9DD8-47C7-A9D3-A991800293E3}"
EndProject
Project("{9A19103F-16F7-4668-BE54-9A1E7A4F7556}") = "R5T.L0089.F000", "..\..\R5T.L0089\source\R5T.L0089.F000\R5T.L0089.F000.csproj", "{3C3F402B-B149-4696-9175-ABE256279A95}"
EndProject
Project("{9A19103F-16F7-4668-BE54-9A1E7A4F7556}") = "R5T.L0089.T000", "..\..\R5T.L0089\source\R5T.L0089.T000\R5T.L0089.T000.csproj", "{747DB92E-2869-4137-8AB8-D7332230ECB0}"
EndProject
Project("{9A19103F-16F7-4668-BE54-9A1E7A4F7556}") = "R5T.L0089", "..\..\R5T.L0089\source\R5T.L0089\R5T.L0089.csproj", "{C9F97E56-8A62-4576-82D2-037D66F1F7BC}"
EndProject
Project("{9A19103F-16F7-4668-BE54-9A1E7A4F7556}") = "R5T.T0142", "..\..\R5T.T0142\source\R5T.T0142\R5T.T0142.csproj", "{FFFDCE77-36AD-408B-A77C-940B7B7FC144}"
EndProject
Project("{9A19103F-16F7-4668-BE54-9A1E7A4F7556}") = "R5T.T0156", "..\..\R5T.T0156\source\R5T.T0156\R5T.T0156.csproj", "{BF4DFAB0-EDFC-4162-8CB1-A30C88C0F09A}"
EndProject
Project("{9A19103F-16F7-4668-BE54-9A1E7A4F7556}") = "R5T.T0180", "..\..\R5T.T0180\source\R5T.T0180\R5T.T0180.csproj", "{DEE70CB3-1A15-4358-8F22-B92C38EE1B29}"
EndProject
Project("{9A19103F-16F7-4668-BE54-9A1E7A4F7556}") = "R5T.T0221", "..\..\R5T.T0221\source\R5T.T0221\R5T.T0221.csproj", "{1EA56321-AAC3-4016-ACAD-6666BFCC57EB}"
EndProject
Project("{9A19103F-16F7-4668-BE54-9A1E7A4F7556}") = "R5T.T0241", "..\..\R5T.T0241\source\R5T.T0241\R5T.T0241.csproj", "{A6DEC253-94D3-40AF-9663-1D344EC35BA1}"
EndProject
Project("{9A19103F-16F7-4668-BE54-9A1E7A4F7556}") = "R5T.Y0000", "..\..\R5T.Y0000\source\R5T.Y0000\R5T.Y0000.csproj", "{8589C15C-1199-4596-B5E3-66CB518BE586}"
EndProject
Project("{9A19103F-16F7-4668-BE54-9A1E7A4F7556}") = "R5T.Y0006", "..\..\R5T.Y0006\source\R5T.Y0006\R5T.Y0006.csproj", "{8A09C1E2-1B83-481F-A2C6-1AE093E63F59}"
EndProject
Project("{9A19103F-16F7-4668-BE54-9A1E7A4F7556}") = "R5T.Z0000", "..\..\R5T.Z0000\source\R5T.Z0000\R5T.Z0000.csproj", "{9B2FE9FF-1D3B-474D-97AF-880B1B1CCF95}"
EndProject
Project("{9A19103F-16F7-4668-BE54-9A1E7A4F7556}") = "R5T.Z0052.Z000", "R5T.Z0052.Z000\R5T.Z0052.Z000.csproj", "{328FB890-1043-4BC4-8D4D-E4706900F2DB}"
EndProject
Project("{9A19103F-16F7-4668-BE54-9A1E7A4F7556}") = "R5T.Z0052.Z001", "R5T.Z0052.Z001\R5T.Z0052.Z001.csproj", "{4D6CE77F-A266-4779-B44B-EC7C3A46593E}"
EndProject
Project("{9A19103F-16F7-4668-BE54-9A1E7A4F7556}") = "R5T.Z0072.Z000", "..\..\R5T.Z0072\source\R5T.Z0072.Z000\R5T.Z0072.Z000.csproj", "{382EF41B-F8C6-4410-83DF-22D970D85C3A}"
EndProject
Project("{9A19103F-16F7-4668-BE54-9A1E7A4F7556}") = "R5T.Z0072.Z002", "..\..\R5T.Z0072\source\R5T.Z0072.Z002\R5T.Z0072.Z002.csproj", "{38BF9CD0-39C4-4C7B-A81D-EF3CA0010982}"
EndProject
Global
	GlobalSection(SolutionConfigurationPlatforms) = preSolution
		Debug|Any CPU = Debug|Any CPU
		Release|Any CPU = Release|Any CPU
	EndGlobalSection
	GlobalSection(ProjectConfigurationPlatforms) = postSolution
		{4D5D3D11-7AA2-4EEA-AB87-D26DA28052BC}.Debug|Any CPU.ActiveCfg = Debug|Any CPU
		{4D5D3D11-7AA2-4EEA-AB87-D26DA28052BC}.Debug|Any CPU.Build.0 = Debug|Any CPU
		{4D5D3D11-7AA2-4EEA-AB87-D26DA28052BC}.Release|Any CPU.ActiveCfg = Release|Any CPU
		{4D5D3D11-7AA2-4EEA-AB87-D26DA28052BC}.Release|Any CPU.Build.0 = Release|Any CPU
		{BD702297-DEC8-4CAC-8DE3-B89A300542FD}.Debug|Any CPU.ActiveCfg = Debug|Any CPU
		{BD702297-DEC8-4CAC-8DE3-B89A300542FD}.Debug|Any CPU.Build.0 = Debug|Any CPU
		{BD702297-DEC8-4CAC-8DE3-B89A300542FD}.Release|Any CPU.ActiveCfg = Release|Any CPU
		{BD702297-DEC8-4CAC-8DE3-B89A300542FD}.Release|Any CPU.Build.0 = Release|Any CPU
		{E595AFF1-EA54-4169-8058-F7E1BECFFAC5}.Debug|Any CPU.ActiveCfg = Debug|Any CPU
		{E595AFF1-EA54-4169-8058-F7E1BECFFAC5}.Debug|Any CPU.Build.0 = Debug|Any CPU
		{E595AFF1-EA54-4169-8058-F7E1BECFFAC5}.Release|Any CPU.ActiveCfg = Release|Any CPU
		{E595AFF1-EA54-4169-8058-F7E1BECFFAC5}.Release|Any CPU.Build.0 = Release|Any CPU
		{A6F1B3C3-C16D-4859-AC52-889B220148CD}.Debug|Any CPU.ActiveCfg = Debug|Any CPU
		{A6F1B3C3-C16D-4859-AC52-889B220148CD}.Debug|Any CPU.Build.0 = Debug|Any CPU
		{A6F1B3C3-C16D-4859-AC52-889B220148CD}.Release|Any CPU.ActiveCfg = Release|Any CPU
		{A6F1B3C3-C16D-4859-AC52-889B220148CD}.Release|Any CPU.Build.0 = Release|Any CPU
		{937B40A5-86B2-40AA-BE87-54EDEABF2C58}.Debug|Any CPU.ActiveCfg = Debug|Any CPU
		{937B40A5-86B2-40AA-BE87-54EDEABF2C58}.Debug|Any CPU.Build.0 = Debug|Any CPU
		{937B40A5-86B2-40AA-BE87-54EDEABF2C58}.Release|Any CPU.ActiveCfg = Release|Any CPU
		{937B40A5-86B2-40AA-BE87-54EDEABF2C58}.Release|Any CPU.Build.0 = Release|Any CPU
		{2EBEDBD3-6608-413D-B91E-F2C910E2FDAC}.Debug|Any CPU.ActiveCfg = Debug|Any CPU
		{2EBEDBD3-6608-413D-B91E-F2C910E2FDAC}.Debug|Any CPU.Build.0 = Debug|Any CPU
		{2EBEDBD3-6608-413D-B91E-F2C910E2FDAC}.Release|Any CPU.ActiveCfg = Release|Any CPU
		{2EBEDBD3-6608-413D-B91E-F2C910E2FDAC}.Release|Any CPU.Build.0 = Release|Any CPU
		{FDB4681D-D26A-478C-8456-96F56D919FDA}.Debug|Any CPU.ActiveCfg = Debug|Any CPU
		{FDB4681D-D26A-478C-8456-96F56D919FDA}.Debug|Any CPU.Build.0 = Debug|Any CPU
		{FDB4681D-D26A-478C-8456-96F56D919FDA}.Release|Any CPU.ActiveCfg = Release|Any CPU
		{FDB4681D-D26A-478C-8456-96F56D919FDA}.Release|Any CPU.Build.0 = Release|Any CPU
		{DC790B7B-A638-4B6A-9AD7-1714D56F101E}.Debug|Any CPU.ActiveCfg = Debug|Any CPU
		{DC790B7B-A638-4B6A-9AD7-1714D56F101E}.Debug|Any CPU.Build.0 = Debug|Any CPU
		{DC790B7B-A638-4B6A-9AD7-1714D56F101E}.Release|Any CPU.ActiveCfg = Release|Any CPU
		{DC790B7B-A638-4B6A-9AD7-1714D56F101E}.Release|Any CPU.Build.0 = Release|Any CPU
		{4D99A196-BC34-4F4F-9FAE-C240F475F912}.Debug|Any CPU.ActiveCfg = Debug|Any CPU
		{4D99A196-BC34-4F4F-9FAE-C240F475F912}.Debug|Any CPU.Build.0 = Debug|Any CPU
		{4D99A196-BC34-4F4F-9FAE-C240F475F912}.Release|Any CPU.ActiveCfg = Release|Any CPU
		{4D99A196-BC34-4F4F-9FAE-C240F475F912}.Release|Any CPU.Build.0 = Release|Any CPU
		{00925A8E-7F94-4684-8442-38D7E3F8BAE4}.Debug|Any CPU.ActiveCfg = Debug|Any CPU
		{00925A8E-7F94-4684-8442-38D7E3F8BAE4}.Debug|Any CPU.Build.0 = Debug|Any CPU
		{00925A8E-7F94-4684-8442-38D7E3F8BAE4}.Release|Any CPU.ActiveCfg = Release|Any CPU
		{00925A8E-7F94-4684-8442-38D7E3F8BAE4}.Release|Any CPU.Build.0 = Release|Any CPU
		{BE0BD80A-A595-4589-8A57-4BE62076A980}.Debug|Any CPU.ActiveCfg = Debug|Any CPU
		{BE0BD80A-A595-4589-8A57-4BE62076A980}.Debug|Any CPU.Build.0 = Debug|Any CPU
		{BE0BD80A-A595-4589-8A57-4BE62076A980}.Release|Any CPU.ActiveCfg = Release|Any CPU
		{BE0BD80A-A595-4589-8A57-4BE62076A980}.Release|Any CPU.Build.0 = Release|Any CPU
		{EECBF009-B6E9-4FE9-9324-DDC6099614F7}.Debug|Any CPU.ActiveCfg = Debug|Any CPU
		{EECBF009-B6E9-4FE9-9324-DDC6099614F7}.Debug|Any CPU.Build.0 = Debug|Any CPU
		{EECBF009-B6E9-4FE9-9324-DDC6099614F7}.Release|Any CPU.ActiveCfg = Release|Any CPU
		{EECBF009-B6E9-4FE9-9324-DDC6099614F7}.Release|Any CPU.Build.0 = Release|Any CPU
		{15830702-F555-4F36-B74E-A24472DF1320}.Debug|Any CPU.ActiveCfg = Debug|Any CPU
		{15830702-F555-4F36-B74E-A24472DF1320}.Debug|Any CPU.Build.0 = Debug|Any CPU
		{15830702-F555-4F36-B74E-A24472DF1320}.Release|Any CPU.ActiveCfg = Release|Any CPU
		{15830702-F555-4F36-B74E-A24472DF1320}.Release|Any CPU.Build.0 = Release|Any CPU
		{040BB534-E1AB-4C60-A014-49A11DE91339}.Debug|Any CPU.ActiveCfg = Debug|Any CPU
		{040BB534-E1AB-4C60-A014-49A11DE91339}.Debug|Any CPU.Build.0 = Debug|Any CPU
		{040BB534-E1AB-4C60-A014-49A11DE91339}.Release|Any CPU.ActiveCfg = Release|Any CPU
		{040BB534-E1AB-4C60-A014-49A11DE91339}.Release|Any CPU.Build.0 = Release|Any CPU
		{939706A3-FA2E-48FF-B51A-DFAD52E86B20}.Debug|Any CPU.ActiveCfg = Debug|Any CPU
		{939706A3-FA2E-48FF-B51A-DFAD52E86B20}.Debug|Any CPU.Build.0 = Debug|Any CPU
		{939706A3-FA2E-48FF-B51A-DFAD52E86B20}.Release|Any CPU.ActiveCfg = Release|Any CPU
		{939706A3-FA2E-48FF-B51A-DFAD52E86B20}.Release|Any CPU.Build.0 = Release|Any CPU
		{E06153E9-AC5D-4C2F-80D6-2D67F354B4D3}.Debug|Any CPU.ActiveCfg = Debug|Any CPU
		{E06153E9-AC5D-4C2F-80D6-2D67F354B4D3}.Debug|Any CPU.Build.0 = Debug|Any CPU
		{E06153E9-AC5D-4C2F-80D6-2D67F354B4D3}.Release|Any CPU.ActiveCfg = Release|Any CPU
		{E06153E9-AC5D-4C2F-80D6-2D67F354B4D3}.Release|Any CPU.Build.0 = Release|Any CPU
		{800E47E9-A4B9-44B1-A69C-30A56655F55C}.Debug|Any CPU.ActiveCfg = Debug|Any CPU
		{800E47E9-A4B9-44B1-A69C-30A56655F55C}.Debug|Any CPU.Build.0 = Debug|Any CPU
		{800E47E9-A4B9-44B1-A69C-30A56655F55C}.Release|Any CPU.ActiveCfg = Release|Any CPU
		{800E47E9-A4B9-44B1-A69C-30A56655F55C}.Release|Any CPU.Build.0 = Release|Any CPU
		{FDCE57E3-0E48-43D5-B429-9005A1FEB3A0}.Debug|Any CPU.ActiveCfg = Debug|Any CPU
		{FDCE57E3-0E48-43D5-B429-9005A1FEB3A0}.Debug|Any CPU.Build.0 = Debug|Any CPU
		{FDCE57E3-0E48-43D5-B429-9005A1FEB3A0}.Release|Any CPU.ActiveCfg = Release|Any CPU
		{FDCE57E3-0E48-43D5-B429-9005A1FEB3A0}.Release|Any CPU.Build.0 = Release|Any CPU
		{ED216908-ECC3-4279-87B2-B03ED0E16519}.Debug|Any CPU.ActiveCfg = Debug|Any CPU
		{ED216908-ECC3-4279-87B2-B03ED0E16519}.Debug|Any CPU.Build.0 = Debug|Any CPU
		{ED216908-ECC3-4279-87B2-B03ED0E16519}.Release|Any CPU.ActiveCfg = Release|Any CPU
		{ED216908-ECC3-4279-87B2-B03ED0E16519}.Release|Any CPU.Build.0 = Release|Any CPU
		{31E12BE1-2C52-46A8-9368-D36735F89298}.Debug|Any CPU.ActiveCfg = Debug|Any CPU
		{31E12BE1-2C52-46A8-9368-D36735F89298}.Debug|Any CPU.Build.0 = Debug|Any CPU
		{31E12BE1-2C52-46A8-9368-D36735F89298}.Release|Any CPU.ActiveCfg = Release|Any CPU
		{31E12BE1-2C52-46A8-9368-D36735F89298}.Release|Any CPU.Build.0 = Release|Any CPU
		{AD4B5BD8-4748-4037-9487-C686F93106E6}.Debug|Any CPU.ActiveCfg = Debug|Any CPU
		{AD4B5BD8-4748-4037-9487-C686F93106E6}.Debug|Any CPU.Build.0 = Debug|Any CPU
		{AD4B5BD8-4748-4037-9487-C686F93106E6}.Release|Any CPU.ActiveCfg = Release|Any CPU
		{AD4B5BD8-4748-4037-9487-C686F93106E6}.Release|Any CPU.Build.0 = Release|Any CPU
		{51094204-3F73-40DE-A6D2-9E2E2426743E}.Debug|Any CPU.ActiveCfg = Debug|Any CPU
		{51094204-3F73-40DE-A6D2-9E2E2426743E}.Debug|Any CPU.Build.0 = Debug|Any CPU
		{51094204-3F73-40DE-A6D2-9E2E2426743E}.Release|Any CPU.ActiveCfg = Release|Any CPU
		{51094204-3F73-40DE-A6D2-9E2E2426743E}.Release|Any CPU.Build.0 = Release|Any CPU
		{7DA0A0E8-0136-43A2-8933-030DF162F450}.Debug|Any CPU.ActiveCfg = Debug|Any CPU
		{7DA0A0E8-0136-43A2-8933-030DF162F450}.Debug|Any CPU.Build.0 = Debug|Any CPU
		{7DA0A0E8-0136-43A2-8933-030DF162F450}.Release|Any CPU.ActiveCfg = Release|Any CPU
		{7DA0A0E8-0136-43A2-8933-030DF162F450}.Release|Any CPU.Build.0 = Release|Any CPU
		{D9FC1E66-5EFD-4E6F-8665-82F40EA0826F}.Debug|Any CPU.ActiveCfg = Debug|Any CPU
		{D9FC1E66-5EFD-4E6F-8665-82F40EA0826F}.Debug|Any CPU.Build.0 = Debug|Any CPU
		{D9FC1E66-5EFD-4E6F-8665-82F40EA0826F}.Release|Any CPU.ActiveCfg = Release|Any CPU
		{D9FC1E66-5EFD-4E6F-8665-82F40EA0826F}.Release|Any CPU.Build.0 = Release|Any CPU
		{61D858DF-9C09-4FE5-B68F-6986D1C5DBBE}.Debug|Any CPU.ActiveCfg = Debug|Any CPU
		{61D858DF-9C09-4FE5-B68F-6986D1C5DBBE}.Debug|Any CPU.Build.0 = Debug|Any CPU
		{61D858DF-9C09-4FE5-B68F-6986D1C5DBBE}.Release|Any CPU.ActiveCfg = Release|Any CPU
		{61D858DF-9C09-4FE5-B68F-6986D1C5DBBE}.Release|Any CPU.Build.0 = Release|Any CPU
		{B7444F15-4E1C-4606-8F4C-F01705ADC5E3}.Debug|Any CPU.ActiveCfg = Debug|Any CPU
		{B7444F15-4E1C-4606-8F4C-F01705ADC5E3}.Debug|Any CPU.Build.0 = Debug|Any CPU
		{B7444F15-4E1C-4606-8F4C-F01705ADC5E3}.Release|Any CPU.ActiveCfg = Release|Any CPU
		{B7444F15-4E1C-4606-8F4C-F01705ADC5E3}.Release|Any CPU.Build.0 = Release|Any CPU
		{A3F509D3-7A3D-4FEF-AE7E-C8D3A99D07DC}.Debug|Any CPU.ActiveCfg = Debug|Any CPU
		{A3F509D3-7A3D-4FEF-AE7E-C8D3A99D07DC}.Debug|Any CPU.Build.0 = Debug|Any CPU
		{A3F509D3-7A3D-4FEF-AE7E-C8D3A99D07DC}.Release|Any CPU.ActiveCfg = Release|Any CPU
		{A3F509D3-7A3D-4FEF-AE7E-C8D3A99D07DC}.Release|Any CPU.Build.0 = Release|Any CPU
		{219034D5-C9EB-476B-B235-D9FDF2A0C01D}.Debug|Any CPU.ActiveCfg = Debug|Any CPU
		{219034D5-C9EB-476B-B235-D9FDF2A0C01D}.Debug|Any CPU.Build.0 = Debug|Any CPU
		{219034D5-C9EB-476B-B235-D9FDF2A0C01D}.Release|Any CPU.ActiveCfg = Release|Any CPU
		{219034D5-C9EB-476B-B235-D9FDF2A0C01D}.Release|Any CPU.Build.0 = Release|Any CPU
		{41FD273A-C1DE-4C4B-BEAB-5E1B1BB38359}.Debug|Any CPU.ActiveCfg = Debug|Any CPU
		{41FD273A-C1DE-4C4B-BEAB-5E1B1BB38359}.Debug|Any CPU.Build.0 = Debug|Any CPU
		{41FD273A-C1DE-4C4B-BEAB-5E1B1BB38359}.Release|Any CPU.ActiveCfg = Release|Any CPU
		{41FD273A-C1DE-4C4B-BEAB-5E1B1BB38359}.Release|Any CPU.Build.0 = Release|Any CPU
		{93CCFD65-34E7-439B-A34E-2114DA5E917E}.Debug|Any CPU.ActiveCfg = Debug|Any CPU
		{93CCFD65-34E7-439B-A34E-2114DA5E917E}.Debug|Any CPU.Build.0 = Debug|Any CPU
		{93CCFD65-34E7-439B-A34E-2114DA5E917E}.Release|Any CPU.ActiveCfg = Release|Any CPU
		{93CCFD65-34E7-439B-A34E-2114DA5E917E}.Release|Any CPU.Build.0 = Release|Any CPU
		{21892347-E739-4B13-81B2-A3D7DE86E8CD}.Debug|Any CPU.ActiveCfg = Debug|Any CPU
		{21892347-E739-4B13-81B2-A3D7DE86E8CD}.Debug|Any CPU.Build.0 = Debug|Any CPU
		{21892347-E739-4B13-81B2-A3D7DE86E8CD}.Release|Any CPU.ActiveCfg = Release|Any CPU
		{21892347-E739-4B13-81B2-A3D7DE86E8CD}.Release|Any CPU.Build.0 = Release|Any CPU
		{0AE8D587-9DD8-47C7-A9D3-A991800293E3}.Debug|Any CPU.ActiveCfg = Debug|Any CPU
		{0AE8D587-9DD8-47C7-A9D3-A991800293E3}.Debug|Any CPU.Build.0 = Debug|Any CPU
		{0AE8D587-9DD8-47C7-A9D3-A991800293E3}.Release|Any CPU.ActiveCfg = Release|Any CPU
		{0AE8D587-9DD8-47C7-A9D3-A991800293E3}.Release|Any CPU.Build.0 = Release|Any CPU
		{3C3F402B-B149-4696-9175-ABE256279A95}.Debug|Any CPU.ActiveCfg = Debug|Any CPU
		{3C3F402B-B149-4696-9175-ABE256279A95}.Debug|Any CPU.Build.0 = Debug|Any CPU
		{3C3F402B-B149-4696-9175-ABE256279A95}.Release|Any CPU.ActiveCfg = Release|Any CPU
		{3C3F402B-B149-4696-9175-ABE256279A95}.Release|Any CPU.Build.0 = Release|Any CPU
		{747DB92E-2869-4137-8AB8-D7332230ECB0}.Debug|Any CPU.ActiveCfg = Debug|Any CPU
		{747DB92E-2869-4137-8AB8-D7332230ECB0}.Debug|Any CPU.Build.0 = Debug|Any CPU
		{747DB92E-2869-4137-8AB8-D7332230ECB0}.Release|Any CPU.ActiveCfg = Release|Any CPU
		{747DB92E-2869-4137-8AB8-D7332230ECB0}.Release|Any CPU.Build.0 = Release|Any CPU
		{C9F97E56-8A62-4576-82D2-037D66F1F7BC}.Debug|Any CPU.ActiveCfg = Debug|Any CPU
		{C9F97E56-8A62-4576-82D2-037D66F1F7BC}.Debug|Any CPU.Build.0 = Debug|Any CPU
		{C9F97E56-8A62-4576-82D2-037D66F1F7BC}.Release|Any CPU.ActiveCfg = Release|Any CPU
		{C9F97E56-8A62-4576-82D2-037D66F1F7BC}.Release|Any CPU.Build.0 = Release|Any CPU
		{FFFDCE77-36AD-408B-A77C-940B7B7FC144}.Debug|Any CPU.ActiveCfg = Debug|Any CPU
		{FFFDCE77-36AD-408B-A77C-940B7B7FC144}.Debug|Any CPU.Build.0 = Debug|Any CPU
		{FFFDCE77-36AD-408B-A77C-940B7B7FC144}.Release|Any CPU.ActiveCfg = Release|Any CPU
		{FFFDCE77-36AD-408B-A77C-940B7B7FC144}.Release|Any CPU.Build.0 = Release|Any CPU
		{BF4DFAB0-EDFC-4162-8CB1-A30C88C0F09A}.Debug|Any CPU.ActiveCfg = Debug|Any CPU
		{BF4DFAB0-EDFC-4162-8CB1-A30C88C0F09A}.Debug|Any CPU.Build.0 = Debug|Any CPU
		{BF4DFAB0-EDFC-4162-8CB1-A30C88C0F09A}.Release|Any CPU.ActiveCfg = Release|Any CPU
		{BF4DFAB0-EDFC-4162-8CB1-A30C88C0F09A}.Release|Any CPU.Build.0 = Release|Any CPU
		{DEE70CB3-1A15-4358-8F22-B92C38EE1B29}.Debug|Any CPU.ActiveCfg = Debug|Any CPU
		{DEE70CB3-1A15-4358-8F22-B92C38EE1B29}.Debug|Any CPU.Build.0 = Debug|Any CPU
		{DEE70CB3-1A15-4358-8F22-B92C38EE1B29}.Release|Any CPU.ActiveCfg = Release|Any CPU
		{DEE70CB3-1A15-4358-8F22-B92C38EE1B29}.Release|Any CPU.Build.0 = Release|Any CPU
		{1EA56321-AAC3-4016-ACAD-6666BFCC57EB}.Debug|Any CPU.ActiveCfg = Debug|Any CPU
		{1EA56321-AAC3-4016-ACAD-6666BFCC57EB}.Debug|Any CPU.Build.0 = Debug|Any CPU
		{1EA56321-AAC3-4016-ACAD-6666BFCC57EB}.Release|Any CPU.ActiveCfg = Release|Any CPU
		{1EA56321-AAC3-4016-ACAD-6666BFCC57EB}.Release|Any CPU.Build.0 = Release|Any CPU
		{A6DEC253-94D3-40AF-9663-1D344EC35BA1}.Debug|Any CPU.ActiveCfg = Debug|Any CPU
		{A6DEC253-94D3-40AF-9663-1D344EC35BA1}.Debug|Any CPU.Build.0 = Debug|Any CPU
		{A6DEC253-94D3-40AF-9663-1D344EC35BA1}.Release|Any CPU.ActiveCfg = Release|Any CPU
		{A6DEC253-94D3-40AF-9663-1D344EC35BA1}.Release|Any CPU.Build.0 = Release|Any CPU
		{8589C15C-1199-4596-B5E3-66CB518BE586}.Debug|Any CPU.ActiveCfg = Debug|Any CPU
		{8589C15C-1199-4596-B5E3-66CB518BE586}.Debug|Any CPU.Build.0 = Debug|Any CPU
		{8589C15C-1199-4596-B5E3-66CB518BE586}.Release|Any CPU.ActiveCfg = Release|Any CPU
		{8589C15C-1199-4596-B5E3-66CB518BE586}.Release|Any CPU.Build.0 = Release|Any CPU
		{8A09C1E2-1B83-481F-A2C6-1AE093E63F59}.Debug|Any CPU.ActiveCfg = Debug|Any CPU
		{8A09C1E2-1B83-481F-A2C6-1AE093E63F59}.Debug|Any CPU.Build.0 = Debug|Any CPU
		{8A09C1E2-1B83-481F-A2C6-1AE093E63F59}.Release|Any CPU.ActiveCfg = Release|Any CPU
		{8A09C1E2-1B83-481F-A2C6-1AE093E63F59}.Release|Any CPU.Build.0 = Release|Any CPU
		{9B2FE9FF-1D3B-474D-97AF-880B1B1CCF95}.Debug|Any CPU.ActiveCfg = Debug|Any CPU
		{9B2FE9FF-1D3B-474D-97AF-880B1B1CCF95}.Debug|Any CPU.Build.0 = Debug|Any CPU
		{9B2FE9FF-1D3B-474D-97AF-880B1B1CCF95}.Release|Any CPU.ActiveCfg = Release|Any CPU
		{9B2FE9FF-1D3B-474D-97AF-880B1B1CCF95}.Release|Any CPU.Build.0 = Release|Any CPU
		{328FB890-1043-4BC4-8D4D-E4706900F2DB}.Debug|Any CPU.ActiveCfg = Debug|Any CPU
		{328FB890-1043-4BC4-8D4D-E4706900F2DB}.Debug|Any CPU.Build.0 = Debug|Any CPU
		{328FB890-1043-4BC4-8D4D-E4706900F2DB}.Release|Any CPU.ActiveCfg = Release|Any CPU
		{328FB890-1043-4BC4-8D4D-E4706900F2DB}.Release|Any CPU.Build.0 = Release|Any CPU
		{4D6CE77F-A266-4779-B44B-EC7C3A46593E}.Debug|Any CPU.ActiveCfg = Debug|Any CPU
		{4D6CE77F-A266-4779-B44B-EC7C3A46593E}.Debug|Any CPU.Build.0 = Debug|Any CPU
		{4D6CE77F-A266-4779-B44B-EC7C3A46593E}.Release|Any CPU.ActiveCfg = Release|Any CPU
		{4D6CE77F-A266-4779-B44B-EC7C3A46593E}.Release|Any CPU.Build.0 = Release|Any CPU
		{382EF41B-F8C6-4410-83DF-22D970D85C3A}.Debug|Any CPU.ActiveCfg = Debug|Any CPU
		{382EF41B-F8C6-4410-83DF-22D970D85C3A}.Debug|Any CPU.Build.0 = Debug|Any CPU
		{382EF41B-F8C6-4410-83DF-22D970D85C3A}.Release|Any CPU.ActiveCfg = Release|Any CPU
		{382EF41B-F8C6-4410-83DF-22D970D85C3A}.Release|Any CPU.Build.0 = Release|Any CPU
		{38BF9CD0-39C4-4C7B-A81D-EF3CA0010982}.Debug|Any CPU.ActiveCfg = Debug|Any CPU
		{38BF9CD0-39C4-4C7B-A81D-EF3CA0010982}.Debug|Any CPU.Build.0 = Debug|Any CPU
		{38BF9CD0-39C4-4C7B-A81D-EF3CA0010982}.Release|Any CPU.ActiveCfg = Release|Any CPU
		{38BF9CD0-39C4-4C7B-A81D-EF3CA0010982}.Release|Any CPU.Build.0 = Release|Any CPU
	EndGlobalSection
	GlobalSection(SolutionProperties) = preSolution
		HideSolutionNode = FALSE
	EndGlobalSection
	GlobalSection(NestedProjects) = preSolution
		{E595AFF1-EA54-4169-8058-F7E1BECFFAC5} = {AB006AAE-D5A0-4C22-A5D7-F62D58035416}
		{A6F1B3C3-C16D-4859-AC52-889B220148CD} = {AB006AAE-D5A0-4C22-A5D7-F62D58035416}
		{937B40A5-86B2-40AA-BE87-54EDEABF2C58} = {AB006AAE-D5A0-4C22-A5D7-F62D58035416}
		{2EBEDBD3-6608-413D-B91E-F2C910E2FDAC} = {AB006AAE-D5A0-4C22-A5D7-F62D58035416}
		{FDB4681D-D26A-478C-8456-96F56D919FDA} = {AB006AAE-D5A0-4C22-A5D7-F62D58035416}
		{DC790B7B-A638-4B6A-9AD7-1714D56F101E} = {AB006AAE-D5A0-4C22-A5D7-F62D58035416}
		{4D99A196-BC34-4F4F-9FAE-C240F475F912} = {AB006AAE-D5A0-4C22-A5D7-F62D58035416}
		{00925A8E-7F94-4684-8442-38D7E3F8BAE4} = {AB006AAE-D5A0-4C22-A5D7-F62D58035416}
		{BE0BD80A-A595-4589-8A57-4BE62076A980} = {AB006AAE-D5A0-4C22-A5D7-F62D58035416}
		{EECBF009-B6E9-4FE9-9324-DDC6099614F7} = {AB006AAE-D5A0-4C22-A5D7-F62D58035416}
		{15830702-F555-4F36-B74E-A24472DF1320} = {AB006AAE-D5A0-4C22-A5D7-F62D58035416}
		{040BB534-E1AB-4C60-A014-49A11DE91339} = {AB006AAE-D5A0-4C22-A5D7-F62D58035416}
		{939706A3-FA2E-48FF-B51A-DFAD52E86B20} = {AB006AAE-D5A0-4C22-A5D7-F62D58035416}
		{E06153E9-AC5D-4C2F-80D6-2D67F354B4D3} = {AB006AAE-D5A0-4C22-A5D7-F62D58035416}
		{800E47E9-A4B9-44B1-A69C-30A56655F55C} = {AB006AAE-D5A0-4C22-A5D7-F62D58035416}
		{FDCE57E3-0E48-43D5-B429-9005A1FEB3A0} = {AB006AAE-D5A0-4C22-A5D7-F62D58035416}
		{ED216908-ECC3-4279-87B2-B03ED0E16519} = {AB006AAE-D5A0-4C22-A5D7-F62D58035416}
		{31E12BE1-2C52-46A8-9368-D36735F89298} = {AB006AAE-D5A0-4C22-A5D7-F62D58035416}
		{AD4B5BD8-4748-4037-9487-C686F93106E6} = {AB006AAE-D5A0-4C22-A5D7-F62D58035416}
		{51094204-3F73-40DE-A6D2-9E2E2426743E} = {AB006AAE-D5A0-4C22-A5D7-F62D58035416}
		{7DA0A0E8-0136-43A2-8933-030DF162F450} = {AB006AAE-D5A0-4C22-A5D7-F62D58035416}
		{D9FC1E66-5EFD-4E6F-8665-82F40EA0826F} = {AB006AAE-D5A0-4C22-A5D7-F62D58035416}
		{61D858DF-9C09-4FE5-B68F-6986D1C5DBBE} = {AB006AAE-D5A0-4C22-A5D7-F62D58035416}
		{B7444F15-4E1C-4606-8F4C-F01705ADC5E3} = {AB006AAE-D5A0-4C22-A5D7-F62D58035416}
		{A3F509D3-7A3D-4FEF-AE7E-C8D3A99D07DC} = {AB006AAE-D5A0-4C22-A5D7-F62D58035416}
		{219034D5-C9EB-476B-B235-D9FDF2A0C01D} = {AB006AAE-D5A0-4C22-A5D7-F62D58035416}
		{41FD273A-C1DE-4C4B-BEAB-5E1B1BB38359} = {AB006AAE-D5A0-4C22-A5D7-F62D58035416}
		{93CCFD65-34E7-439B-A34E-2114DA5E917E} = {AB006AAE-D5A0-4C22-A5D7-F62D58035416}
		{21892347-E739-4B13-81B2-A3D7DE86E8CD} = {AB006AAE-D5A0-4C22-A5D7-F62D58035416}
		{0AE8D587-9DD8-47C7-A9D3-A991800293E3} = {AB006AAE-D5A0-4C22-A5D7-F62D58035416}
		{3C3F402B-B149-4696-9175-ABE256279A95} = {AB006AAE-D5A0-4C22-A5D7-F62D58035416}
		{747DB92E-2869-4137-8AB8-D7332230ECB0} = {AB006AAE-D5A0-4C22-A5D7-F62D58035416}
		{C9F97E56-8A62-4576-82D2-037D66F1F7BC} = {AB006AAE-D5A0-4C22-A5D7-F62D58035416}
		{FFFDCE77-36AD-408B-A77C-940B7B7FC144} = {AB006AAE-D5A0-4C22-A5D7-F62D58035416}
		{BF4DFAB0-EDFC-4162-8CB1-A30C88C0F09A} = {AB006AAE-D5A0-4C22-A5D7-F62D58035416}
		{DEE70CB3-1A15-4358-8F22-B92C38EE1B29} = {AB006AAE-D5A0-4C22-A5D7-F62D58035416}
		{1EA56321-AAC3-4016-ACAD-6666BFCC57EB} = {AB006AAE-D5A0-4C22-A5D7-F62D58035416}
		{A6DEC253-94D3-40AF-9663-1D344EC35BA1} = {AB006AAE-D5A0-4C22-A5D7-F62D58035416}
		{8589C15C-1199-4596-B5E3-66CB518BE586} = {AB006AAE-D5A0-4C22-A5D7-F62D58035416}
		{8A09C1E2-1B83-481F-A2C6-1AE093E63F59} = {AB006AAE-D5A0-4C22-A5D7-F62D58035416}
		{9B2FE9FF-1D3B-474D-97AF-880B1B1CCF95} = {AB006AAE-D5A0-4C22-A5D7-F62D58035416}
		{382EF41B-F8C6-4410-83DF-22D970D85C3A} = {AB006AAE-D5A0-4C22-A5D7-F62D58035416}
		{38BF9CD0-39C4-4C7B-A81D-EF3CA0010982} = {AB006AAE-D5A0-4C22-A5D7-F62D58035416}
	EndGlobalSection
	GlobalSection(ExtensibilityGlobals) = postSolution
		SolutionGuid = {C30F3A59-5A49-4B5F-9F90-070F53D668E6}
	EndGlobalSection
EndGlobal
