
Microsoft Visual Studio Solution File, Format Version 12.00
# Visual Studio Version 17
VisualStudioVersion = 17.2.32630.192
MinimumVisualStudioVersion = 10.0.40219.1
Project("{9A19103F-16F7-4668-BE54-9A1E7A4F7556}") = "R5T.Z0052.Construction", "R5T.Z0052.Construction\R5T.Z0052.Construction.csproj", "{4D5D3D11-7AA2-4EEA-AB87-D26DA28052BC}"
EndProject
Project("{9A19103F-16F7-4668-BE54-9A1E7A4F7556}") = "R5T.Z0052", "R5T.Z0052\R5T.Z0052.csproj", "{BD702297-DEC8-4CAC-8DE3-B89A300542FD}"
EndProject
Project("{2150E333-8FDC-42A3-9474-1A3956D46DE8}") = "_Dependencies", "_Dependencies", "{AB006AAE-D5A0-4C22-A5D7-F62D58035416}"
EndProject
Project("{9A19103F-16F7-4668-BE54-9A1E7A4F7556}") = "R5T.T0132", "..\..\R5T.T0132\source\R5T.T0132\R5T.T0132.csproj", "{E595AFF1-EA54-4169-8058-F7E1BECFFAC5}"
EndProject
Project("{9A19103F-16F7-4668-BE54-9A1E7A4F7556}") = "R5T.T0143", "..\..\R5T.T0143\source\R5T.T0143\R5T.T0143.csproj", "{A6F1B3C3-C16D-4859-AC52-889B220148CD}"
EndProject
Project("{9A19103F-16F7-4668-BE54-9A1E7A4F7556}") = "R5T.T0178", "..\..\R5T.T0178\source\R5T.T0178\R5T.T0178.csproj", "{937B40A5-86B2-40AA-BE87-54EDEABF2C58}"
EndProject
Project("{9A19103F-16F7-4668-BE54-9A1E7A4F7556}") = "R5T.T0179", "..\..\R5T.T0179\source\R5T.T0179\R5T.T0179.csproj", "{2EBEDBD3-6608-413D-B91E-F2C910E2FDAC}"
EndProject
Project("{9A19103F-16F7-4668-BE54-9A1E7A4F7556}") = "R5T.T0185", "..\..\R5T.T0185\source\R5T.T0185\R5T.T0185.csproj", "{FDB4681D-D26A-478C-8456-96F56D919FDA}"
EndProject
Project("{9A19103F-16F7-4668-BE54-9A1E7A4F7556}") = "R5T.T0203", "..\..\R5T.T0203\source\R5T.T0203\R5T.T0203.csproj", "{DC790B7B-A638-4B6A-9AD7-1714D56F101E}"
EndProject
Project("{9A19103F-16F7-4668-BE54-9A1E7A4F7556}") = "R5T.T0210", "..\..\R5T.T0210\source\R5T.T0210\R5T.T0210.csproj", "{4D99A196-BC34-4F4F-9FAE-C240F475F912}"
EndProject
Project("{9A19103F-16F7-4668-BE54-9A1E7A4F7556}") = "R5T.T0131", "..\..\R5T.T0131\source\R5T.T0131\R5T.T0131.csproj", "{00925A8E-7F94-4684-8442-38D7E3F8BAE4}"
EndProject
Global
	GlobalSection(NestedProjects) = preSolution
		{E595AFF1-EA54-4169-8058-F7E1BECFFAC5} = {AB006AAE-D5A0-4C22-A5D7-F62D58035416}
		{A6F1B3C3-C16D-4859-AC52-889B220148CD} = {AB006AAE-D5A0-4C22-A5D7-F62D58035416}
		{937B40A5-86B2-40AA-BE87-54EDEABF2C58} = {AB006AAE-D5A0-4C22-A5D7-F62D58035416}
		{2EBEDBD3-6608-413D-B91E-F2C910E2FDAC} = {AB006AAE-D5A0-4C22-A5D7-F62D58035416}
		{FDB4681D-D26A-478C-8456-96F56D919FDA} = {AB006AAE-D5A0-4C22-A5D7-F62D58035416}
		{DC790B7B-A638-4B6A-9AD7-1714D56F101E} = {AB006AAE-D5A0-4C22-A5D7-F62D58035416}
		{4D99A196-BC34-4F4F-9FAE-C240F475F912} = {AB006AAE-D5A0-4C22-A5D7-F62D58035416}
		{00925A8E-7F94-4684-8442-38D7E3F8BAE4} = {AB006AAE-D5A0-4C22-A5D7-F62D58035416}
	EndGlobalSection
	GlobalSection(SolutionConfigurationPlatforms) = preSolution
		Debug|Any CPU = Debug|Any CPU
		Release|Any CPU = Release|Any CPU
	EndGlobalSection
	GlobalSection(ProjectConfigurationPlatforms) = postSolution
		{4D5D3D11-7AA2-4EEA-AB87-D26DA28052BC}.Debug|Any CPU.ActiveCfg = Debug|Any CPU
		{4D5D3D11-7AA2-4EEA-AB87-D26DA28052BC}.Debug|Any CPU.Build.0 = Debug|Any CPU
		{4D5D3D11-7AA2-4EEA-AB87-D26DA28052BC}.Release|Any CPU.ActiveCfg = Release|Any CPU
		{4D5D3D11-7AA2-4EEA-AB87-D26DA28052BC}.Release|Any CPU.Build.0 = Release|Any CPU
		{BD702297-DEC8-4CAC-8DE3-B89A300542FD}.Debug|Any CPU.ActiveCfg = Debug|Any CPU
		{BD702297-DEC8-4CAC-8DE3-B89A300542FD}.Debug|Any CPU.Build.0 = Debug|Any CPU
		{BD702297-DEC8-4CAC-8DE3-B89A300542FD}.Release|Any CPU.ActiveCfg = Release|Any CPU
		{BD702297-DEC8-4CAC-8DE3-B89A300542FD}.Release|Any CPU.Build.0 = Release|Any CPU
		{E595AFF1-EA54-4169-8058-F7E1BECFFAC5}.Debug|Any CPU.ActiveCfg = Debug|Any CPU
		{E595AFF1-EA54-4169-8058-F7E1BECFFAC5}.Debug|Any CPU.Build.0 = Debug|Any CPU
		{E595AFF1-EA54-4169-8058-F7E1BECFFAC5}.Release|Any CPU.ActiveCfg = Release|Any CPU
		{E595AFF1-EA54-4169-8058-F7E1BECFFAC5}.Release|Any CPU.Build.0 = Release|Any CPU
		{A6F1B3C3-C16D-4859-AC52-889B220148CD}.Debug|Any CPU.ActiveCfg = Debug|Any CPU
		{A6F1B3C3-C16D-4859-AC52-889B220148CD}.Debug|Any CPU.Build.0 = Debug|Any CPU
		{A6F1B3C3-C16D-4859-AC52-889B220148CD}.Release|Any CPU.ActiveCfg = Release|Any CPU
		{A6F1B3C3-C16D-4859-AC52-889B220148CD}.Release|Any CPU.Build.0 = Release|Any CPU
		{937B40A5-86B2-40AA-BE87-54EDEABF2C58}.Debug|Any CPU.ActiveCfg = Debug|Any CPU
		{937B40A5-86B2-40AA-BE87-54EDEABF2C58}.Debug|Any CPU.Build.0 = Debug|Any CPU
		{937B40A5-86B2-40AA-BE87-54EDEABF2C58}.Release|Any CPU.ActiveCfg = Release|Any CPU
		{937B40A5-86B2-40AA-BE87-54EDEABF2C58}.Release|Any CPU.Build.0 = Release|Any CPU
		{2EBEDBD3-6608-413D-B91E-F2C910E2FDAC}.Debug|Any CPU.ActiveCfg = Debug|Any CPU
		{2EBEDBD3-6608-413D-B91E-F2C910E2FDAC}.Debug|Any CPU.Build.0 = Debug|Any CPU
		{2EBEDBD3-6608-413D-B91E-F2C910E2FDAC}.Release|Any CPU.ActiveCfg = Release|Any CPU
		{2EBEDBD3-6608-413D-B91E-F2C910E2FDAC}.Release|Any CPU.Build.0 = Release|Any CPU
		{FDB4681D-D26A-478C-8456-96F56D919FDA}.Debug|Any CPU.ActiveCfg = Debug|Any CPU
		{FDB4681D-D26A-478C-8456-96F56D919FDA}.Debug|Any CPU.Build.0 = Debug|Any CPU
		{FDB4681D-D26A-478C-8456-96F56D919FDA}.Release|Any CPU.ActiveCfg = Release|Any CPU
		{FDB4681D-D26A-478C-8456-96F56D919FDA}.Release|Any CPU.Build.0 = Release|Any CPU
		{DC790B7B-A638-4B6A-9AD7-1714D56F101E}.Debug|Any CPU.ActiveCfg = Debug|Any CPU
		{DC790B7B-A638-4B6A-9AD7-1714D56F101E}.Debug|Any CPU.Build.0 = Debug|Any CPU
		{DC790B7B-A638-4B6A-9AD7-1714D56F101E}.Release|Any CPU.ActiveCfg = Release|Any CPU
		{DC790B7B-A638-4B6A-9AD7-1714D56F101E}.Release|Any CPU.Build.0 = Release|Any CPU
		{4D99A196-BC34-4F4F-9FAE-C240F475F912}.Debug|Any CPU.ActiveCfg = Debug|Any CPU
		{4D99A196-BC34-4F4F-9FAE-C240F475F912}.Debug|Any CPU.Build.0 = Debug|Any CPU
		{4D99A196-BC34-4F4F-9FAE-C240F475F912}.Release|Any CPU.ActiveCfg = Release|Any CPU
		{4D99A196-BC34-4F4F-9FAE-C240F475F912}.Release|Any CPU.Build.0 = Release|Any CPU
		{00925A8E-7F94-4684-8442-38D7E3F8BAE4}.Debug|Any CPU.ActiveCfg = Debug|Any CPU
		{00925A8E-7F94-4684-8442-38D7E3F8BAE4}.Debug|Any CPU.Build.0 = Debug|Any CPU
		{00925A8E-7F94-4684-8442-38D7E3F8BAE4}.Release|Any CPU.ActiveCfg = Release|Any CPU
		{00925A8E-7F94-4684-8442-38D7E3F8BAE4}.Release|Any CPU.Build.0 = Release|Any CPU
	EndGlobalSection
	GlobalSection(SolutionProperties) = preSolution
		HideSolutionNode = FALSE
	EndGlobalSection
	GlobalSection(ExtensibilityGlobals) = postSolution
		SolutionGuid = {C30F3A59-5A49-4B5F-9F90-070F53D668E6}
	EndGlobalSection
EndGlobal
