
Microsoft Visual Studio Solution File, Format Version 12.00
# Visual Studio Version 17
VisualStudioVersion = 17.2.32630.192
MinimumVisualStudioVersion = 10.0.40219.1
Project("{9A19103F-16F7-4668-BE54-9A1E7A4F7556}") = "R5T.Z0052", "R5T.Z0052\R5T.Z0052.csproj", "{EA707659-F80E-4801-B497-94E4E585630E}"
EndProject
Global
	GlobalSection(SolutionConfigurationPlatforms) = preSolution
		Debug|Any CPU = Debug|Any CPU
		Release|Any CPU = Release|Any CPU
	EndGlobalSection
	GlobalSection(ProjectConfigurationPlatforms) = postSolution
		{EA707659-F80E-4801-B497-94E4E585630E}.Debug|Any CPU.ActiveCfg = Debug|Any CPU
		{EA707659-F80E-4801-B497-94E4E585630E}.Debug|Any CPU.Build.0 = Debug|Any CPU
		{EA707659-F80E-4801-B497-94E4E585630E}.Release|Any CPU.ActiveCfg = Release|Any CPU
		{EA707659-F80E-4801-B497-94E4E585630E}.Release|Any CPU.Build.0 = Release|Any CPU
	EndGlobalSection
	GlobalSection(SolutionProperties) = preSolution
		HideSolutionNode = FALSE
	EndGlobalSection
	GlobalSection(ExtensibilityGlobals) = postSolution
		SolutionGuid = {2BACF784-2386-4C4A-9D4F-E44EB3B80B9F}
	EndGlobalSection
EndGlobal
